PODS:
  - apivideo_player (0.0.1):
    - ApiVideoPlayer (= 1.2.0)
    - Flutter
  - ApiVideoPlayer (1.2.0):
    - ApiVideoPlayerAnalytics (= 1.1.1)
  - ApiVideoPlayerAnalytics (1.1.1)
  - Flutter (1.0.0)
  - pointer_interceptor_ios (0.0.1):
    - Flutter

DEPENDENCIES:
  - apivideo_player (from `.symlinks/plugins/apivideo_player/ios`)
  - Flutter (from `Flutter`)
  - pointer_interceptor_ios (from `.symlinks/plugins/pointer_interceptor_ios/ios`)

SPEC REPOS:
  trunk:
    - ApiVideoPlayer
    - ApiVideoPlayerAnalytics

EXTERNAL SOURCES:
  apivideo_player:
    :path: ".symlinks/plugins/apivideo_player/ios"
  Flutter:
    :path: Flutter
  pointer_interceptor_ios:
    :path: ".symlinks/plugins/pointer_interceptor_ios/ios"

SPEC CHECKSUMS:
  apivideo_player: 1bc03dc30c624f1c49e54dd1112494a5a68476e3
  ApiVideoPlayer: b481969aaea0be3c7edf9e0191a6587db449295a
  ApiVideoPlayerAnalytics: f8f5e7e0207aefdb99fb97cee081b1693dacae8a
  Flutter: e0871f40cf51350855a761d2e70bf5af5b9b5de7
  pointer_interceptor_ios: 9280618c0b2eeb80081a343924aa8ad756c21375

PODFILE CHECKSUM: 4e8f8b2be68aeea4c0d5beb6ff1e79fface1d048

COCOAPODS: 1.15.2
