PODS:
  - apivideo_player (0.0.1):
    - ApiVideoPlayer (= 1.1.4)
    - Flutter
  - ApiVideoPlayer (1.1.4):
    - ApiVideoPlayerAnalytics (= 1.1.1)
  - ApiVideoPlayerAnalytics (1.1.1)
  - Flutter (1.0.0)

DEPENDENCIES:
  - apivideo_player (from `.symlinks/plugins/apivideo_player/ios`)
  - Flutter (from `Flutter`)

SPEC REPOS:
  trunk:
    - ApiVideoPlayer
    - ApiVideoPlayerAnalytics

EXTERNAL SOURCES:
  apivideo_player:
    :path: ".symlinks/plugins/apivideo_player/ios"
  Flutter:
    :path: Flutter

SPEC CHECKSUMS:
  apivideo_player: 2c473c47bbce886785fee06428dd83a1bf9989b2
  ApiVideoPlayer: 6dbb236f0368acd5b51438e8379fb74ccf48182c
  ApiVideoPlayerAnalytics: f8f5e7e0207aefdb99fb97cee081b1693dacae8a
  Flutter: f04841e97a9d0b0a8025694d0796dd46242b2854

PODFILE CHECKSUM: 7368163408c647b7eb699d0d788ba6718e18fb8d

COCOAPODS: 1.12.1
